// !$*UTF8*$!
{
	archiveVersion = 1;
	classes = {
	};
	objectVersion = 46;
	objects = {

/* Begin PBXBuildFile section */
		0B01A42F1F2113340041C0C9 /* SISDetailImagesVC.swift in Sources */ = {isa = PBXBuildFile; fileRef = 0B01A42D1F2113340041C0C9 /* SISDetailImagesVC.swift */; };
		0B01A4301F2113340041C0C9 /* SISDetailImagesVC.xib in Resources */ = {isa = PBXBuildFile; fileRef = 0B01A42E1F2113340041C0C9 /* SISDetailImagesVC.xib */; };
		0B2B4C471F1E749F00F8648C /* AppDelegate.swift in Sources */ = {isa = PBXBuildFile; fileRef = 0B2B4C461F1E749F00F8648C /* AppDelegate.swift */; };
		0B2B4C491F1E749F00F8648C /* ViewController.swift in Sources */ = {isa = PBXBuildFile; fileRef = 0B2B4C481F1E749F00F8648C /* ViewController.swift */; };
		0B2B4C4C1F1E749F00F8648C /* Main.storyboard in Resources */ = {isa = PBXBuildFile; fileRef = 0B2B4C4A1F1E749F00F8648C /* Main.storyboard */; };
		0B2B4C4F1F1E749F00F8648C /* SISUsedCar.xcdatamodeld in Sources */ = {isa = PBXBuildFile; fileRef = 0B2B4C4D1F1E749F00F8648C /* SISUsedCar.xcdatamodeld */; };
		0B2B4C511F1E749F00F8648C /* Assets.xcassets in Resources */ = {isa = PBXBuildFile; fileRef = 0B2B4C501F1E749F00F8648C /* Assets.xcassets */; };
		0B2B4C541F1E749F00F8648C /* LaunchScreen.storyboard in Resources */ = {isa = PBXBuildFile; fileRef = 0B2B4C521F1E749F00F8648C /* LaunchScreen.storyboard */; };
		0B2B4C5F1F1E749F00F8648C /* SISUsedCarTests.swift in Sources */ = {isa = PBXBuildFile; fileRef = 0B2B4C5E1F1E749F00F8648C /* SISUsedCarTests.swift */; };
		0B2B4C6A1F1E749F00F8648C /* SISUsedCarUITests.swift in Sources */ = {isa = PBXBuildFile; fileRef = 0B2B4C691F1E749F00F8648C /* SISUsedCarUITests.swift */; };
		0B2B4C7C1F1E8E6D00F8648C /* SISUsedCarDataService.swift in Sources */ = {isa = PBXBuildFile; fileRef = 0B2B4C7B1F1E8E6D00F8648C /* SISUsedCarDataService.swift */; };
		0B2B4C7E1F1E8EA600F8648C /* SISUsedCar.swift in Sources */ = {isa = PBXBuildFile; fileRef = 0B2B4C7D1F1E8EA600F8648C /* SISUsedCar.swift */; };
		0B2B4C801F1E8FA300F8648C /* SISUsedCarVC.swift in Sources */ = {isa = PBXBuildFile; fileRef = 0B2B4C7F1F1E8FA300F8648C /* SISUsedCarVC.swift */; };
		0B2B4C851F1E90E200F8648C /* SISUsedCarTVCell.swift in Sources */ = {isa = PBXBuildFile; fileRef = 0B2B4C831F1E90E200F8648C /* SISUsedCarTVCell.swift */; };
		0B2B4C861F1E90E200F8648C /* SISUsedCarTVCell.xib in Resources */ = {isa = PBXBuildFile; fileRef = 0B2B4C841F1E90E200F8648C /* SISUsedCarTVCell.xib */; };
		0B2B4C881F1EA33900F8648C /* SISUsedCarImageService.swift in Sources */ = {isa = PBXBuildFile; fileRef = 0B2B4C871F1EA33900F8648C /* SISUsedCarImageService.swift */; };
		0B2B4CCD1F1F91F100F8648C /* SISUsedCarImage.swift in Sources */ = {isa = PBXBuildFile; fileRef = 0B2B4CCC1F1F91F100F8648C /* SISUsedCarImage.swift */; };
		0B2B4D0A1F1FD59C00F8648C /* IntegratedPlaygroundFiles.h in Headers */ = {isa = PBXBuildFile; fileRef = 0B2B4D081F1FD59C00F8648C /* IntegratedPlaygroundFiles.h */; settings = {ATTRIBUTES = (Public, ); }; };
		0B2B4D0E1F1FD5BC00F8648C /* SISUsedCar.swift in Sources */ = {isa = PBXBuildFile; fileRef = 0B2B4C7D1F1E8EA600F8648C /* SISUsedCar.swift */; };
		0B2B4D0F1F1FD5C000F8648C /* SISUsedCarImage.swift in Sources */ = {isa = PBXBuildFile; fileRef = 0B2B4CCC1F1F91F100F8648C /* SISUsedCarImage.swift */; };
		0B2B4D101F1FD5C500F8648C /* SISUsedCarDataService.swift in Sources */ = {isa = PBXBuildFile; fileRef = 0B2B4C7B1F1E8E6D00F8648C /* SISUsedCarDataService.swift */; };
		0B2B4D111F1FD5C800F8648C /* SISUsedCarImageService.swift in Sources */ = {isa = PBXBuildFile; fileRef = 0B2B4C871F1EA33900F8648C /* SISUsedCarImageService.swift */; };
		0B2B4D131F1FECAF00F8648C /* SISUsedCarDetailVC.swift in Sources */ = {isa = PBXBuildFile; fileRef = 0B2B4D121F1FECAF00F8648C /* SISUsedCarDetailVC.swift */; };
		0B2B4D161F20386100F8648C /* SISUsedCarDetailCVCell.swift in Sources */ = {isa = PBXBuildFile; fileRef = 0B2B4D141F20386100F8648C /* SISUsedCarDetailCVCell.swift */; };
		0B2B4D191F20DB6600F8648C /* SISGlobalConstants.swift in Sources */ = {isa = PBXBuildFile; fileRef = 0B2B4D181F20DB6600F8648C /* SISGlobalConstants.swift */; };
		0B2CA5F21F221FB3007A92F9 /* UICollectionView+Custom.swift in Sources */ = {isa = PBXBuildFile; fileRef = 0B2CA5F11F221FB3007A92F9 /* UICollectionView+Custom.swift */; };
		0B2CA5FC1F223DB5007A92F9 /* Int+Custom.swift in Sources */ = {isa = PBXBuildFile; fileRef = 0B2CA5FB1F223DB5007A92F9 /* Int+Custom.swift */; };
		0B2CA5FD1F22404D007A92F9 /* Int+Custom.swift in Sources */ = {isa = PBXBuildFile; fileRef = 0B2CA5FB1F223DB5007A92F9 /* Int+Custom.swift */; };
		0B2CA5FF1F22A830007A92F9 /* UIView+Custom.swift in Sources */ = {isa = PBXBuildFile; fileRef = 0B2CA5FE1F22A830007A92F9 /* UIView+Custom.swift */; };
		0B2CA6011F24F551007A92F9 /* SISFadeView.swift in Sources */ = {isa = PBXBuildFile; fileRef = 0B2CA6001F24F551007A92F9 /* SISFadeView.swift */; };
		0B2CA6261F2538B7007A92F9 /* SISDetailTextView.swift in Sources */ = {isa = PBXBuildFile; fileRef = 0B2CA6251F2538B7007A92F9 /* SISDetailTextView.swift */; };
		0B2CA62A1F2623C0007A92F9 /* SISCustomLabel.swift in Sources */ = {isa = PBXBuildFile; fileRef = 0B2CA6291F2623C0007A92F9 /* SISCustomLabel.swift */; };
		0B2CA62B1F262487007A92F9 /* SISCustomLabel.swift in Sources */ = {isa = PBXBuildFile; fileRef = 0B2CA6291F2623C0007A92F9 /* SISCustomLabel.swift */; };
		0B2CA62D1F2654A4007A92F9 /* CustomIsSoldLabel.swift in Sources */ = {isa = PBXBuildFile; fileRef = 0B2CA62C1F2654A4007A92F9 /* CustomIsSoldLabel.swift */; };
		0B2CA6301F268166007A92F9 /* SISSearchPageVC.swift in Sources */ = {isa = PBXBuildFile; fileRef = 0B2CA62E1F268166007A92F9 /* SISSearchPageVC.swift */; };
		0B2CA6311F268166007A92F9 /* SISSearchPageVC.xib in Resources */ = {isa = PBXBuildFile; fileRef = 0B2CA62F1F268166007A92F9 /* SISSearchPageVC.xib */; };
		0B2CA6361F26830E007A92F9 /* SISSearchPageButton.swift in Sources */ = {isa = PBXBuildFile; fileRef = 0B2CA6351F26830E007A92F9 /* SISSearchPageButton.swift */; };
		0B8887E11F27051B00238C90 /* SISSearchPageButtonStack.swift in Sources */ = {isa = PBXBuildFile; fileRef = 0B8887E01F27051B00238C90 /* SISSearchPageButtonStack.swift */; };
		0B8887E31F27816700238C90 /* SISUsedCarVC+TableView.swift in Sources */ = {isa = PBXBuildFile; fileRef = 0B8887E21F27816700238C90 /* SISUsedCarVC+TableView.swift */; };
		0B8887E51F2781A800238C90 /* SISUsedCarVC+SearchPage.swift in Sources */ = {isa = PBXBuildFile; fileRef = 0B8887E41F2781A800238C90 /* SISUsedCarVC+SearchPage.swift */; };
		0B8887E71F27837E00238C90 /* SISUsedCarVC+SearchController.swift in Sources */ = {isa = PBXBuildFile; fileRef = 0B8887E61F27837E00238C90 /* SISUsedCarVC+SearchController.swift */; };
		0B8887E91F279F7C00238C90 /* UIColor+Custom.swift in Sources */ = {isa = PBXBuildFile; fileRef = 0B8887E81F279F7C00238C90 /* UIColor+Custom.swift */; };
		0B8887F41F27E27C00238C90 /* SISUsedCarDetailMasterVC.swift in Sources */ = {isa = PBXBuildFile; fileRef = 0B8887F21F27E27C00238C90 /* SISUsedCarDetailMasterVC.swift */; };
		0B8887F51F27E27C00238C90 /* SISUsedCarDetailMasterVC.xib in Resources */ = {isa = PBXBuildFile; fileRef = 0B8887F31F27E27C00238C90 /* SISUsedCarDetailMasterVC.xib */; };
		0B8887F81F27E44800238C90 /* SISUsedCarDetailLargeImageVC.swift in Sources */ = {isa = PBXBuildFile; fileRef = 0B8887F61F27E44800238C90 /* SISUsedCarDetailLargeImageVC.swift */; };
		0B8887F91F27E44800238C90 /* SISUsedCarDetailLargeImageVC.xib in Resources */ = {isa = PBXBuildFile; fileRef = 0B8887F71F27E44800238C90 /* SISUsedCarDetailLargeImageVC.xib */; };
		0B8887FC1F27E46300238C90 /* SISUsedCarDetailSmallImagesVC.swift in Sources */ = {isa = PBXBuildFile; fileRef = 0B8887FA1F27E46300238C90 /* SISUsedCarDetailSmallImagesVC.swift */; };
		0B8887FD1F27E46300238C90 /* SISUsedCarDetailSmallImagesVC.xib in Resources */ = {isa = PBXBuildFile; fileRef = 0B8887FB1F27E46300238C90 /* SISUsedCarDetailSmallImagesVC.xib */; };
		0BD25FBA1F28D529007081E5 /* SISGradientBackgroundView.swift in Sources */ = {isa = PBXBuildFile; fileRef = 0BD25FB91F28D529007081E5 /* SISGradientBackgroundView.swift */; };
		0BD25FBC1F28DC74007081E5 /* SISDetailImageLayoutView.swift in Sources */ = {isa = PBXBuildFile; fileRef = 0BD25FBB1F28DC74007081E5 /* SISDetailImageLayoutView.swift */; };
		0BD25FBE1F28E80D007081E5 /* SISDetailTextView.xib in Resources */ = {isa = PBXBuildFile; fileRef = 0BD25FBD1F28E80D007081E5 /* SISDetailTextView.xib */; };
		0BFA12281F2A179800C8B85E /* SISDownloadImageView.swift in Sources */ = {isa = PBXBuildFile; fileRef = 0BFA12271F2A179800C8B85E /* SISDownloadImageView.swift */; };
/* End PBXBuildFile section */

/* Begin PBXContainerItemProxy section */
		0B2B4C5B1F1E749F00F8648C /* PBXContainerItemProxy */ = {
			isa = PBXContainerItemProxy;
			containerPortal = 0B2B4C3B1F1E749E00F8648C /* Project object */;
			proxyType = 1;
			remoteGlobalIDString = 0B2B4C421F1E749E00F8648C;
			remoteInfo = SISUsedCar;
		};
		0B2B4C661F1E749F00F8648C /* PBXContainerItemProxy */ = {
			isa = PBXContainerItemProxy;
			containerPortal = 0B2B4C3B1F1E749E00F8648C /* Project object */;
			proxyType = 1;
			remoteGlobalIDString = 0B2B4C421F1E749E00F8648C;
			remoteInfo = SISUsedCar;
		};
/* End PBXContainerItemProxy section */

/* Begin PBXFileReference section */
		0B01A42D1F2113340041C0C9 /* SISDetailImagesVC.swift */ = {isa = PBXFileReference; fileEncoding = 4; lastKnownFileType = sourcecode.swift; path = SISDetailImagesVC.swift; sourceTree = "<group>"; };
		0B01A42E1F2113340041C0C9 /* SISDetailImagesVC.xib */ = {isa = PBXFileReference; fileEncoding = 4; lastKnownFileType = file.xib; path = SISDetailImagesVC.xib; sourceTree = "<group>"; };
		0B2B4C431F1E749F00F8648C /* SISUsedCar.app */ = {isa = PBXFileReference; explicitFileType = wrapper.application; includeInIndex = 0; path = SISUsedCar.app; sourceTree = BUILT_PRODUCTS_DIR; };
		0B2B4C461F1E749F00F8648C /* AppDelegate.swift */ = {isa = PBXFileReference; lastKnownFileType = sourcecode.swift; path = AppDelegate.swift; sourceTree = "<group>"; };
		0B2B4C481F1E749F00F8648C /* ViewController.swift */ = {isa = PBXFileReference; lastKnownFileType = sourcecode.swift; path = ViewController.swift; sourceTree = "<group>"; };
		0B2B4C4B1F1E749F00F8648C /* Base */ = {isa = PBXFileReference; lastKnownFileType = file.storyboard; name = Base; path = Base.lproj/Main.storyboard; sourceTree = "<group>"; };
		0B2B4C4E1F1E749F00F8648C /* SISUsedCar.xcdatamodel */ = {isa = PBXFileReference; lastKnownFileType = wrapper.xcdatamodel; path = SISUsedCar.xcdatamodel; sourceTree = "<group>"; };
		0B2B4C501F1E749F00F8648C /* Assets.xcassets */ = {isa = PBXFileReference; lastKnownFileType = folder.assetcatalog; path = Assets.xcassets; sourceTree = "<group>"; };
		0B2B4C531F1E749F00F8648C /* Base */ = {isa = PBXFileReference; lastKnownFileType = file.storyboard; name = Base; path = Base.lproj/LaunchScreen.storyboard; sourceTree = "<group>"; };
		0B2B4C551F1E749F00F8648C /* Info.plist */ = {isa = PBXFileReference; lastKnownFileType = text.plist.xml; path = Info.plist; sourceTree = "<group>"; };
		0B2B4C5A1F1E749F00F8648C /* SISUsedCarTests.xctest */ = {isa = PBXFileReference; explicitFileType = wrapper.cfbundle; includeInIndex = 0; path = SISUsedCarTests.xctest; sourceTree = BUILT_PRODUCTS_DIR; };
		0B2B4C5E1F1E749F00F8648C /* SISUsedCarTests.swift */ = {isa = PBXFileReference; lastKnownFileType = sourcecode.swift; path = SISUsedCarTests.swift; sourceTree = "<group>"; };
		0B2B4C601F1E749F00F8648C /* Info.plist */ = {isa = PBXFileReference; lastKnownFileType = text.plist.xml; path = Info.plist; sourceTree = "<group>"; };
		0B2B4C651F1E749F00F8648C /* SISUsedCarUITests.xctest */ = {isa = PBXFileReference; explicitFileType = wrapper.cfbundle; includeInIndex = 0; path = SISUsedCarUITests.xctest; sourceTree = BUILT_PRODUCTS_DIR; };
		0B2B4C691F1E749F00F8648C /* SISUsedCarUITests.swift */ = {isa = PBXFileReference; lastKnownFileType = sourcecode.swift; path = SISUsedCarUITests.swift; sourceTree = "<group>"; };
		0B2B4C6B1F1E749F00F8648C /* Info.plist */ = {isa = PBXFileReference; lastKnownFileType = text.plist.xml; path = Info.plist; sourceTree = "<group>"; };
		0B2B4C7B1F1E8E6D00F8648C /* SISUsedCarDataService.swift */ = {isa = PBXFileReference; fileEncoding = 4; lastKnownFileType = sourcecode.swift; path = SISUsedCarDataService.swift; sourceTree = "<group>"; };
		0B2B4C7D1F1E8EA600F8648C /* SISUsedCar.swift */ = {isa = PBXFileReference; fileEncoding = 4; lastKnownFileType = sourcecode.swift; path = SISUsedCar.swift; sourceTree = "<group>"; };
		0B2B4C7F1F1E8FA300F8648C /* SISUsedCarVC.swift */ = {isa = PBXFileReference; fileEncoding = 4; lastKnownFileType = sourcecode.swift; path = SISUsedCarVC.swift; sourceTree = "<group>"; };
		0B2B4C831F1E90E200F8648C /* SISUsedCarTVCell.swift */ = {isa = PBXFileReference; fileEncoding = 4; lastKnownFileType = sourcecode.swift; path = SISUsedCarTVCell.swift; sourceTree = "<group>"; };
		0B2B4C841F1E90E200F8648C /* SISUsedCarTVCell.xib */ = {isa = PBXFileReference; fileEncoding = 4; lastKnownFileType = file.xib; path = SISUsedCarTVCell.xib; sourceTree = "<group>"; };
		0B2B4C871F1EA33900F8648C /* SISUsedCarImageService.swift */ = {isa = PBXFileReference; fileEncoding = 4; lastKnownFileType = sourcecode.swift; path = SISUsedCarImageService.swift; sourceTree = "<group>"; };
		0B2B4CCC1F1F91F100F8648C /* SISUsedCarImage.swift */ = {isa = PBXFileReference; fileEncoding = 4; lastKnownFileType = sourcecode.swift; path = SISUsedCarImage.swift; sourceTree = "<group>"; };
		0B2B4D061F1FD59C00F8648C /* IntegratedPlaygroundFiles.framework */ = {isa = PBXFileReference; explicitFileType = wrapper.framework; includeInIndex = 0; path = IntegratedPlaygroundFiles.framework; sourceTree = BUILT_PRODUCTS_DIR; };
		0B2B4D081F1FD59C00F8648C /* IntegratedPlaygroundFiles.h */ = {isa = PBXFileReference; lastKnownFileType = sourcecode.c.h; path = IntegratedPlaygroundFiles.h; sourceTree = "<group>"; };
		0B2B4D091F1FD59C00F8648C /* Info.plist */ = {isa = PBXFileReference; lastKnownFileType = text.plist.xml; path = Info.plist; sourceTree = "<group>"; };
		0B2B4D121F1FECAF00F8648C /* SISUsedCarDetailVC.swift */ = {isa = PBXFileReference; fileEncoding = 4; lastKnownFileType = sourcecode.swift; path = SISUsedCarDetailVC.swift; sourceTree = "<group>"; };
		0B2B4D141F20386100F8648C /* SISUsedCarDetailCVCell.swift */ = {isa = PBXFileReference; fileEncoding = 4; lastKnownFileType = sourcecode.swift; path = SISUsedCarDetailCVCell.swift; sourceTree = "<group>"; };
		0B2B4D181F20DB6600F8648C /* SISGlobalConstants.swift */ = {isa = PBXFileReference; fileEncoding = 4; lastKnownFileType = sourcecode.swift; path = SISGlobalConstants.swift; sourceTree = "<group>"; };
		0B2CA5F11F221FB3007A92F9 /* UICollectionView+Custom.swift */ = {isa = PBXFileReference; fileEncoding = 4; lastKnownFileType = sourcecode.swift; path = "UICollectionView+Custom.swift"; sourceTree = "<group>"; };
		0B2CA5FB1F223DB5007A92F9 /* Int+Custom.swift */ = {isa = PBXFileReference; fileEncoding = 4; lastKnownFileType = sourcecode.swift; path = "Int+Custom.swift"; sourceTree = "<group>"; };
		0B2CA5FE1F22A830007A92F9 /* UIView+Custom.swift */ = {isa = PBXFileReference; fileEncoding = 4; lastKnownFileType = sourcecode.swift; path = "UIView+Custom.swift"; sourceTree = "<group>"; };
		0B2CA6001F24F551007A92F9 /* SISFadeView.swift */ = {isa = PBXFileReference; fileEncoding = 4; lastKnownFileType = sourcecode.swift; path = SISFadeView.swift; sourceTree = "<group>"; };
		0B2CA6251F2538B7007A92F9 /* SISDetailTextView.swift */ = {isa = PBXFileReference; fileEncoding = 4; lastKnownFileType = sourcecode.swift; path = SISDetailTextView.swift; sourceTree = "<group>"; };
		0B2CA6291F2623C0007A92F9 /* SISCustomLabel.swift */ = {isa = PBXFileReference; fileEncoding = 4; lastKnownFileType = sourcecode.swift; path = SISCustomLabel.swift; sourceTree = "<group>"; };
		0B2CA62C1F2654A4007A92F9 /* CustomIsSoldLabel.swift */ = {isa = PBXFileReference; fileEncoding = 4; lastKnownFileType = sourcecode.swift; path = CustomIsSoldLabel.swift; sourceTree = "<group>"; };
		0B2CA62E1F268166007A92F9 /* SISSearchPageVC.swift */ = {isa = PBXFileReference; fileEncoding = 4; lastKnownFileType = sourcecode.swift; path = SISSearchPageVC.swift; sourceTree = "<group>"; };
		0B2CA62F1F268166007A92F9 /* SISSearchPageVC.xib */ = {isa = PBXFileReference; fileEncoding = 4; lastKnownFileType = file.xib; path = SISSearchPageVC.xib; sourceTree = "<group>"; };
		0B2CA6351F26830E007A92F9 /* SISSearchPageButton.swift */ = {isa = PBXFileReference; fileEncoding = 4; lastKnownFileType = sourcecode.swift; path = SISSearchPageButton.swift; sourceTree = "<group>"; };
		0B8887E01F27051B00238C90 /* SISSearchPageButtonStack.swift */ = {isa = PBXFileReference; fileEncoding = 4; lastKnownFileType = sourcecode.swift; path = SISSearchPageButtonStack.swift; sourceTree = "<group>"; };
		0B8887E21F27816700238C90 /* SISUsedCarVC+TableView.swift */ = {isa = PBXFileReference; fileEncoding = 4; lastKnownFileType = sourcecode.swift; path = "SISUsedCarVC+TableView.swift"; sourceTree = "<group>"; };
		0B8887E41F2781A800238C90 /* SISUsedCarVC+SearchPage.swift */ = {isa = PBXFileReference; fileEncoding = 4; lastKnownFileType = sourcecode.swift; path = "SISUsedCarVC+SearchPage.swift"; sourceTree = "<group>"; };
		0B8887E61F27837E00238C90 /* SISUsedCarVC+SearchController.swift */ = {isa = PBXFileReference; fileEncoding = 4; lastKnownFileType = sourcecode.swift; path = "SISUsedCarVC+SearchController.swift"; sourceTree = "<group>"; };
		0B8887E81F279F7C00238C90 /* UIColor+Custom.swift */ = {isa = PBXFileReference; fileEncoding = 4; lastKnownFileType = sourcecode.swift; path = "UIColor+Custom.swift"; sourceTree = "<group>"; };
		0B8887F21F27E27C00238C90 /* SISUsedCarDetailMasterVC.swift */ = {isa = PBXFileReference; fileEncoding = 4; lastKnownFileType = sourcecode.swift; path = SISUsedCarDetailMasterVC.swift; sourceTree = "<group>"; };
		0B8887F31F27E27C00238C90 /* SISUsedCarDetailMasterVC.xib */ = {isa = PBXFileReference; fileEncoding = 4; lastKnownFileType = file.xib; path = SISUsedCarDetailMasterVC.xib; sourceTree = "<group>"; };
		0B8887F61F27E44800238C90 /* SISUsedCarDetailLargeImageVC.swift */ = {isa = PBXFileReference; fileEncoding = 4; lastKnownFileType = sourcecode.swift; path = SISUsedCarDetailLargeImageVC.swift; sourceTree = "<group>"; };
		0B8887F71F27E44800238C90 /* SISUsedCarDetailLargeImageVC.xib */ = {isa = PBXFileReference; fileEncoding = 4; lastKnownFileType = file.xib; path = SISUsedCarDetailLargeImageVC.xib; sourceTree = "<group>"; };
		0B8887FA1F27E46300238C90 /* SISUsedCarDetailSmallImagesVC.swift */ = {isa = PBXFileReference; fileEncoding = 4; lastKnownFileType = sourcecode.swift; path = SISUsedCarDetailSmallImagesVC.swift; sourceTree = "<group>"; };
		0B8887FB1F27E46300238C90 /* SISUsedCarDetailSmallImagesVC.xib */ = {isa = PBXFileReference; fileEncoding = 4; lastKnownFileType = file.xib; path = SISUsedCarDetailSmallImagesVC.xib; sourceTree = "<group>"; };
		0BD25FB91F28D529007081E5 /* SISGradientBackgroundView.swift */ = {isa = PBXFileReference; fileEncoding = 4; lastKnownFileType = sourcecode.swift; path = SISGradientBackgroundView.swift; sourceTree = "<group>"; };
		0BD25FBB1F28DC74007081E5 /* SISDetailImageLayoutView.swift */ = {isa = PBXFileReference; fileEncoding = 4; lastKnownFileType = sourcecode.swift; path = SISDetailImageLayoutView.swift; sourceTree = "<group>"; };
		0BD25FBD1F28E80D007081E5 /* SISDetailTextView.xib */ = {isa = PBXFileReference; fileEncoding = 4; lastKnownFileType = file.xib; path = SISDetailTextView.xib; sourceTree = "<group>"; };
		0BFA12271F2A179800C8B85E /* SISDownloadImageView.swift */ = {isa = PBXFileReference; fileEncoding = 4; lastKnownFileType = sourcecode.swift; path = SISDownloadImageView.swift; sourceTree = "<group>"; };
/* End PBXFileReference section */

/* Begin PBXFrameworksBuildPhase section */
		0B2B4C401F1E749E00F8648C /* Frameworks */ = {
			isa = PBXFrameworksBuildPhase;
			buildActionMask = 2147483647;
			files = (
			);
			runOnlyForDeploymentPostprocessing = 0;
		};
		0B2B4C571F1E749F00F8648C /* Frameworks */ = {
			isa = PBXFrameworksBuildPhase;
			buildActionMask = 2147483647;
			files = (
			);
			runOnlyForDeploymentPostprocessing = 0;
		};
		0B2B4C621F1E749F00F8648C /* Frameworks */ = {
			isa = PBXFrameworksBuildPhase;
			buildActionMask = 2147483647;
			files = (
			);
			runOnlyForDeploymentPostprocessing = 0;
		};
		0B2B4D021F1FD59C00F8648C /* Frameworks */ = {
			isa = PBXFrameworksBuildPhase;
			buildActionMask = 2147483647;
			files = (
			);
			runOnlyForDeploymentPostprocessing = 0;
		};
/* End PBXFrameworksBuildPhase section */

/* Begin PBXGroup section */
		0B01A42C1F2112FD0041C0C9 /* Used Car Detail */ = {
			isa = PBXGroup;
			children = (
				0B2B4D121F1FECAF00F8648C /* SISUsedCarDetailVC.swift */,
				0B2CA5F41F2236A9007A92F9 /* Images */,
			);
			name = "Used Car Detail";
			sourceTree = "<group>";
		};
		0B2B4C3A1F1E749E00F8648C = {
			isa = PBXGroup;
			children = (
				0BFA12291F2B6B8300C8B85E /* Files Not in Use */,
				0B2B4CD01F1FB0DD00F8648C /* Utilities */,
				0BD25FB81F28D502007081E5 /* Views */,
				0B2B4C7A1F1E74C500F8648C /* Model */,
				0B2B4C781F1E74B100F8648C /* Networking */,
				0B2B4C771F1E74AB00F8648C /* Controllers */,
				0B2B4C451F1E749F00F8648C /* SISUsedCar */,
				0B2B4C5D1F1E749F00F8648C /* SISUsedCarTests */,
				0B2B4C681F1E749F00F8648C /* SISUsedCarUITests */,
				0B2B4D071F1FD59C00F8648C /* IntegratedPlaygroundFiles */,
				0B2B4C441F1E749F00F8648C /* Products */,
			);
			sourceTree = "<group>";
		};
		0B2B4C441F1E749F00F8648C /* Products */ = {
			isa = PBXGroup;
			children = (
				0B2B4C431F1E749F00F8648C /* SISUsedCar.app */,
				0B2B4C5A1F1E749F00F8648C /* SISUsedCarTests.xctest */,
				0B2B4C651F1E749F00F8648C /* SISUsedCarUITests.xctest */,
				0B2B4D061F1FD59C00F8648C /* IntegratedPlaygroundFiles.framework */,
			);
			name = Products;
			sourceTree = "<group>";
		};
		0B2B4C451F1E749F00F8648C /* SISUsedCar */ = {
			isa = PBXGroup;
			children = (
				0B2B4C461F1E749F00F8648C /* AppDelegate.swift */,
				0B2B4C481F1E749F00F8648C /* ViewController.swift */,
				0B2B4C4A1F1E749F00F8648C /* Main.storyboard */,
				0B2B4C501F1E749F00F8648C /* Assets.xcassets */,
				0B2B4C521F1E749F00F8648C /* LaunchScreen.storyboard */,
				0B2B4C551F1E749F00F8648C /* Info.plist */,
				0B2B4C4D1F1E749F00F8648C /* SISUsedCar.xcdatamodeld */,
			);
			path = SISUsedCar;
			sourceTree = "<group>";
		};
		0B2B4C5D1F1E749F00F8648C /* SISUsedCarTests */ = {
			isa = PBXGroup;
			children = (
				0B2B4C5E1F1E749F00F8648C /* SISUsedCarTests.swift */,
				0B2B4C601F1E749F00F8648C /* Info.plist */,
			);
			path = SISUsedCarTests;
			sourceTree = "<group>";
		};
		0B2B4C681F1E749F00F8648C /* SISUsedCarUITests */ = {
			isa = PBXGroup;
			children = (
				0B2B4C691F1E749F00F8648C /* SISUsedCarUITests.swift */,
				0B2B4C6B1F1E749F00F8648C /* Info.plist */,
			);
			path = SISUsedCarUITests;
			sourceTree = "<group>";
		};
		0B2B4C771F1E74AB00F8648C /* Controllers */ = {
			isa = PBXGroup;
			children = (
				0B8887EA1F27E16F00238C90 /* DetailSearch */,
				0B2CA6321F2681D6007A92F9 /* Search Page  */,
				0B2CA6331F2681DE007A92F9 /* Main Search */,
			);
			name = Controllers;
			sourceTree = "<group>";
		};
		0B2B4C781F1E74B100F8648C /* Networking */ = {
			isa = PBXGroup;
			children = (
				0B2B4C7B1F1E8E6D00F8648C /* SISUsedCarDataService.swift */,
				0B2B4C871F1EA33900F8648C /* SISUsedCarImageService.swift */,
			);
			name = Networking;
			sourceTree = "<group>";
		};
		0B2B4C791F1E74BF00F8648C /* Views */ = {
			isa = PBXGroup;
			children = (
				0B2B4C831F1E90E200F8648C /* SISUsedCarTVCell.swift */,
				0B2B4C841F1E90E200F8648C /* SISUsedCarTVCell.xib */,
				0B2CA62C1F2654A4007A92F9 /* CustomIsSoldLabel.swift */,
			);
			name = Views;
			sourceTree = "<group>";
		};
		0B2B4C7A1F1E74C500F8648C /* Model */ = {
			isa = PBXGroup;
			children = (
				0B2B4C7D1F1E8EA600F8648C /* SISUsedCar.swift */,
				0B2B4CCC1F1F91F100F8648C /* SISUsedCarImage.swift */,
			);
			name = Model;
			sourceTree = "<group>";
		};
		0B2B4CD01F1FB0DD00F8648C /* Utilities */ = {
			isa = PBXGroup;
			children = (
				0B2B4D181F20DB6600F8648C /* SISGlobalConstants.swift */,
				0B2CA5FB1F223DB5007A92F9 /* Int+Custom.swift */,
				0B2CA5FE1F22A830007A92F9 /* UIView+Custom.swift */,
				0B2CA6001F24F551007A92F9 /* SISFadeView.swift */,
				0B2CA6291F2623C0007A92F9 /* SISCustomLabel.swift */,
				0B8887E81F279F7C00238C90 /* UIColor+Custom.swift */,
				0B2CA5F11F221FB3007A92F9 /* UICollectionView+Custom.swift */,
			);
			name = Utilities;
			sourceTree = "<group>";
		};
		0B2B4D071F1FD59C00F8648C /* IntegratedPlaygroundFiles */ = {
			isa = PBXGroup;
			children = (
				0B2B4D081F1FD59C00F8648C /* IntegratedPlaygroundFiles.h */,
				0B2B4D091F1FD59C00F8648C /* Info.plist */,
			);
			path = IntegratedPlaygroundFiles;
			sourceTree = "<group>";
		};
		0B2CA5EE1F221F14007A92F9 /* UIKit Extensions */ = {
			isa = PBXGroup;
			children = (
			);
			name = "UIKit Extensions";
			sourceTree = "<group>";
		};
		0B2CA5F41F2236A9007A92F9 /* Images */ = {
			isa = PBXGroup;
			children = (
				0B2CA5EE1F221F14007A92F9 /* UIKit Extensions */,
				0B01A42D1F2113340041C0C9 /* SISDetailImagesVC.swift */,
				0B01A42E1F2113340041C0C9 /* SISDetailImagesVC.xib */,
			);
			name = Images;
			sourceTree = "<group>";
		};
		0B2CA6221F25387D007A92F9 /* Views */ = {
			isa = PBXGroup;
			children = (
				0B2CA6251F2538B7007A92F9 /* SISDetailTextView.swift */,
				0BD25FBD1F28E80D007081E5 /* SISDetailTextView.xib */,
			);
			name = Views;
			sourceTree = "<group>";
		};
		0B2CA6321F2681D6007A92F9 /* Search Page  */ = {
			isa = PBXGroup;
			children = (
				0B2CA62E1F268166007A92F9 /* SISSearchPageVC.swift */,
				0B2CA62F1F268166007A92F9 /* SISSearchPageVC.xib */,
				0B2CA6341F2682D1007A92F9 /* Views */,
			);
			name = "Search Page ";
			sourceTree = "<group>";
		};
		0B2CA6331F2681DE007A92F9 /* Main Search */ = {
			isa = PBXGroup;
			children = (
				0B2B4C7F1F1E8FA300F8648C /* SISUsedCarVC.swift */,
				0B8887E21F27816700238C90 /* SISUsedCarVC+TableView.swift */,
				0B8887E41F2781A800238C90 /* SISUsedCarVC+SearchPage.swift */,
				0B8887E61F27837E00238C90 /* SISUsedCarVC+SearchController.swift */,
				0B2B4C791F1E74BF00F8648C /* Views */,
			);
			name = "Main Search";
			sourceTree = "<group>";
		};
		0B2CA6341F2682D1007A92F9 /* Views */ = {
			isa = PBXGroup;
			children = (
				0B2CA6351F26830E007A92F9 /* SISSearchPageButton.swift */,
				0B8887E01F27051B00238C90 /* SISSearchPageButtonStack.swift */,
			);
			name = Views;
			sourceTree = "<group>";
		};
		0B8887EA1F27E16F00238C90 /* DetailSearch */ = {
			isa = PBXGroup;
			children = (
				0B8888001F27E46F00238C90 /* Master */,
				0B8887EC1F27E1CD00238C90 /* Text */,
				0B8887EB1F27E1C400238C90 /* Images */,
			);
			name = DetailSearch;
			sourceTree = "<group>";
		};
		0B8887EB1F27E1C400238C90 /* Images */ = {
			isa = PBXGroup;
			children = (
				0B8888011F27E97C00238C90 /* Views */,
				0B8887FF1F27E46D00238C90 /* Large Image */,
				0B8887FE1F27E46900238C90 /* Small Images */,
			);
			name = Images;
			sourceTree = "<group>";
		};
		0B8887EC1F27E1CD00238C90 /* Text */ = {
			isa = PBXGroup;
			children = (
				0B2CA6221F25387D007A92F9 /* Views */,
			);
			name = Text;
			sourceTree = "<group>";
		};
		0B8887FE1F27E46900238C90 /* Small Images */ = {
			isa = PBXGroup;
			children = (
				0B8887FA1F27E46300238C90 /* SISUsedCarDetailSmallImagesVC.swift */,
				0B8887FB1F27E46300238C90 /* SISUsedCarDetailSmallImagesVC.xib */,
			);
			name = "Small Images";
			sourceTree = "<group>";
		};
		0B8887FF1F27E46D00238C90 /* Large Image */ = {
			isa = PBXGroup;
			children = (
				0B8887F61F27E44800238C90 /* SISUsedCarDetailLargeImageVC.swift */,
				0B8887F71F27E44800238C90 /* SISUsedCarDetailLargeImageVC.xib */,
			);
			name = "Large Image";
			sourceTree = "<group>";
		};
		0B8888001F27E46F00238C90 /* Master */ = {
			isa = PBXGroup;
			children = (
				0B8887F21F27E27C00238C90 /* SISUsedCarDetailMasterVC.swift */,
				0B8887F31F27E27C00238C90 /* SISUsedCarDetailMasterVC.xib */,
			);
			name = Master;
			sourceTree = "<group>";
		};
		0B8888011F27E97C00238C90 /* Views */ = {
			isa = PBXGroup;
			children = (
				0B2B4D141F20386100F8648C /* SISUsedCarDetailCVCell.swift */,
				0BD25FBB1F28DC74007081E5 /* SISDetailImageLayoutView.swift */,
			);
			name = Views;
			sourceTree = "<group>";
		};
		0BD25FB81F28D502007081E5 /* Views */ = {
			isa = PBXGroup;
			children = (
				0BD25FB91F28D529007081E5 /* SISGradientBackgroundView.swift */,
				0BFA12271F2A179800C8B85E /* SISDownloadImageView.swift */,
			);
			name = Views;
			sourceTree = "<group>";
		};
		0BFA12291F2B6B8300C8B85E /* Files Not in Use */ = {
			isa = PBXGroup;
			children = (
				0B01A42C1F2112FD0041C0C9 /* Used Car Detail */,
			);
			name = "Files Not in Use";
			sourceTree = "<group>";
		};
/* End PBXGroup section */

/* Begin PBXHeadersBuildPhase section */
		0B2B4D031F1FD59C00F8648C /* Headers */ = {
			isa = PBXHeadersBuildPhase;
			buildActionMask = 2147483647;
			files = (
				0B2B4D0A1F1FD59C00F8648C /* IntegratedPlaygroundFiles.h in Headers */,
			);
			runOnlyForDeploymentPostprocessing = 0;
		};
/* End PBXHeadersBuildPhase section */

/* Begin PBXNativeTarget section */
		0B2B4C421F1E749E00F8648C /* SISUsedCar */ = {
			isa = PBXNativeTarget;
			buildConfigurationList = 0B2B4C6E1F1E749F00F8648C /* Build configuration list for PBXNativeTarget "SISUsedCar" */;
			buildPhases = (
				0B2B4C3F1F1E749E00F8648C /* Sources */,
				0B2B4C401F1E749E00F8648C /* Frameworks */,
				0B2B4C411F1E749E00F8648C /* Resources */,
			);
			buildRules = (
			);
			dependencies = (
			);
			name = SISUsedCar;
			productName = SISUsedCar;
			productReference = 0B2B4C431F1E749F00F8648C /* SISUsedCar.app */;
			productType = "com.apple.product-type.application";
		};
		0B2B4C591F1E749F00F8648C /* SISUsedCarTests */ = {
			isa = PBXNativeTarget;
			buildConfigurationList = 0B2B4C711F1E749F00F8648C /* Build configuration list for PBXNativeTarget "SISUsedCarTests" */;
			buildPhases = (
				0B2B4C561F1E749F00F8648C /* Sources */,
				0B2B4C571F1E749F00F8648C /* Frameworks */,
				0B2B4C581F1E749F00F8648C /* Resources */,
			);
			buildRules = (
			);
			dependencies = (
				0B2B4C5C1F1E749F00F8648C /* PBXTargetDependency */,
			);
			name = SISUsedCarTests;
			productName = SISUsedCarTests;
			productReference = 0B2B4C5A1F1E749F00F8648C /* SISUsedCarTests.xctest */;
			productType = "com.apple.product-type.bundle.unit-test";
		};
		0B2B4C641F1E749F00F8648C /* SISUsedCarUITests */ = {
			isa = PBXNativeTarget;
			buildConfigurationList = 0B2B4C741F1E749F00F8648C /* Build configuration list for PBXNativeTarget "SISUsedCarUITests" */;
			buildPhases = (
				0B2B4C611F1E749F00F8648C /* Sources */,
				0B2B4C621F1E749F00F8648C /* Frameworks */,
				0B2B4C631F1E749F00F8648C /* Resources */,
			);
			buildRules = (
			);
			dependencies = (
				0B2B4C671F1E749F00F8648C /* PBXTargetDependency */,
			);
			name = SISUsedCarUITests;
			productName = SISUsedCarUITests;
			productReference = 0B2B4C651F1E749F00F8648C /* SISUsedCarUITests.xctest */;
			productType = "com.apple.product-type.bundle.ui-testing";
		};
		0B2B4D051F1FD59C00F8648C /* IntegratedPlaygroundFiles */ = {
			isa = PBXNativeTarget;
			buildConfigurationList = 0B2B4D0D1F1FD59C00F8648C /* Build configuration list for PBXNativeTarget "IntegratedPlaygroundFiles" */;
			buildPhases = (
				0B2B4D011F1FD59C00F8648C /* Sources */,
				0B2B4D021F1FD59C00F8648C /* Frameworks */,
				0B2B4D031F1FD59C00F8648C /* Headers */,
				0B2B4D041F1FD59C00F8648C /* Resources */,
			);
			buildRules = (
			);
			dependencies = (
			);
			name = IntegratedPlaygroundFiles;
			productName = IntegratedPlaygroundFiles;
			productReference = 0B2B4D061F1FD59C00F8648C /* IntegratedPlaygroundFiles.framework */;
			productType = "com.apple.product-type.framework";
		};
/* End PBXNativeTarget section */

/* Begin PBXProject section */
		0B2B4C3B1F1E749E00F8648C /* Project object */ = {
			isa = PBXProject;
			attributes = {
				LastSwiftUpdateCheck = 0820;
				LastUpgradeCheck = 0820;
				ORGANIZATIONNAME = SouthernImportSpecialist;
				TargetAttributes = {
					0B2B4C421F1E749E00F8648C = {
						CreatedOnToolsVersion = 8.2.1;
						DevelopmentTeam = L3WLY38EDC;
						ProvisioningStyle = Automatic;
					};
					0B2B4C591F1E749F00F8648C = {
						CreatedOnToolsVersion = 8.2.1;
						DevelopmentTeam = L3WLY38EDC;
						ProvisioningStyle = Automatic;
						TestTargetID = 0B2B4C421F1E749E00F8648C;
					};
					0B2B4C641F1E749F00F8648C = {
						CreatedOnToolsVersion = 8.2.1;
						DevelopmentTeam = L3WLY38EDC;
						ProvisioningStyle = Automatic;
						TestTargetID = 0B2B4C421F1E749E00F8648C;
					};
					0B2B4D051F1FD59C00F8648C = {
						CreatedOnToolsVersion = 8.2.1;
						DevelopmentTeam = L3WLY38EDC;
						ProvisioningStyle = Automatic;
					};
				};
			};
			buildConfigurationList = 0B2B4C3E1F1E749E00F8648C /* Build configuration list for PBXProject "SISUsedCar" */;
			compatibilityVersion = "Xcode 3.2";
			developmentRegion = English;
			hasScannedForEncodings = 0;
			knownRegions = (
				en,
				Base,
			);
			mainGroup = 0B2B4C3A1F1E749E00F8648C;
			productRefGroup = 0B2B4C441F1E749F00F8648C /* Products */;
			projectDirPath = "";
			projectRoot = "";
			targets = (
				0B2B4C421F1E749E00F8648C /* SISUsedCar */,
				0B2B4C591F1E749F00F8648C /* SISUsedCarTests */,
				0B2B4C641F1E749F00F8648C /* SISUsedCarUITests */,
				0B2B4D051F1FD59C00F8648C /* IntegratedPlaygroundFiles */,
			);
		};
/* End PBXProject section */

/* Begin PBXResourcesBuildPhase section */
		0B2B4C411F1E749E00F8648C /* Resources */ = {
			isa = PBXResourcesBuildPhase;
			buildActionMask = 2147483647;
			files = (
				0B2B4C541F1E749F00F8648C /* LaunchScreen.storyboard in Resources */,
				0B2B4C861F1E90E200F8648C /* SISUsedCarTVCell.xib in Resources */,
				0B8887F91F27E44800238C90 /* SISUsedCarDetailLargeImageVC.xib in Resources */,
				0B2B4C511F1E749F00F8648C /* Assets.xcassets in Resources */,
				0B8887F51F27E27C00238C90 /* SISUsedCarDetailMasterVC.xib in Resources */,
				0B2CA6311F268166007A92F9 /* SISSearchPageVC.xib in Resources */,
				0B8887FD1F27E46300238C90 /* SISUsedCarDetailSmallImagesVC.xib in Resources */,
				0B2B4C4C1F1E749F00F8648C /* Main.storyboard in Resources */,
				0BD25FBE1F28E80D007081E5 /* SISDetailTextView.xib in Resources */,
				0B01A4301F2113340041C0C9 /* SISDetailImagesVC.xib in Resources */,
			);
			runOnlyForDeploymentPostprocessing = 0;
		};
		0B2B4C581F1E749F00F8648C /* Resources */ = {
			isa = PBXResourcesBuildPhase;
			buildActionMask = 2147483647;
			files = (
			);
			runOnlyForDeploymentPostprocessing = 0;
		};
		0B2B4C631F1E749F00F8648C /* Resources */ = {
			isa = PBXResourcesBuildPhase;
			buildActionMask = 2147483647;
			files = (
			);
			runOnlyForDeploymentPostprocessing = 0;
		};
		0B2B4D041F1FD59C00F8648C /* Resources */ = {
			isa = PBXResourcesBuildPhase;
			buildActionMask = 2147483647;
			files = (
			);
			runOnlyForDeploymentPostprocessing = 0;
		};
/* End PBXResourcesBuildPhase section */

/* Begin PBXSourcesBuildPhase section */
		0B2B4C3F1F1E749E00F8648C /* Sources */ = {
			isa = PBXSourcesBuildPhase;
			buildActionMask = 2147483647;
			files = (
				0B2CA6011F24F551007A92F9 /* SISFadeView.swift in Sources */,
				0B2CA5FF1F22A830007A92F9 /* UIView+Custom.swift in Sources */,
				0B8887E11F27051B00238C90 /* SISSearchPageButtonStack.swift in Sources */,
				0B2B4C801F1E8FA300F8648C /* SISUsedCarVC.swift in Sources */,
				0B2CA5FC1F223DB5007A92F9 /* Int+Custom.swift in Sources */,
				0B2B4CCD1F1F91F100F8648C /* SISUsedCarImage.swift in Sources */,
				0B8887FC1F27E46300238C90 /* SISUsedCarDetailSmallImagesVC.swift in Sources */,
				0B2B4C881F1EA33900F8648C /* SISUsedCarImageService.swift in Sources */,
				0BFA12281F2A179800C8B85E /* SISDownloadImageView.swift in Sources */,
				0B2B4D191F20DB6600F8648C /* SISGlobalConstants.swift in Sources */,
				0B2B4C851F1E90E200F8648C /* SISUsedCarTVCell.swift in Sources */,
				0B01A42F1F2113340041C0C9 /* SISDetailImagesVC.swift in Sources */,
				0B2B4C7E1F1E8EA600F8648C /* SISUsedCar.swift in Sources */,
				0B2B4D161F20386100F8648C /* SISUsedCarDetailCVCell.swift in Sources */,
				0B2CA62D1F2654A4007A92F9 /* CustomIsSoldLabel.swift in Sources */,
				0B2B4C4F1F1E749F00F8648C /* SISUsedCar.xcdatamodeld in Sources */,
				0BD25FBC1F28DC74007081E5 /* SISDetailImageLayoutView.swift in Sources */,
				0B8887E91F279F7C00238C90 /* UIColor+Custom.swift in Sources */,
				0B2B4C491F1E749F00F8648C /* ViewController.swift in Sources */,
				0B2B4C471F1E749F00F8648C /* AppDelegate.swift in Sources */,
				0BD25FBA1F28D529007081E5 /* SISGradientBackgroundView.swift in Sources */,
				0B2CA5F21F221FB3007A92F9 /* UICollectionView+Custom.swift in Sources */,
				0B8887F41F27E27C00238C90 /* SISUsedCarDetailMasterVC.swift in Sources */,
				0B2B4D131F1FECAF00F8648C /* SISUsedCarDetailVC.swift in Sources */,
				0B8887F81F27E44800238C90 /* SISUsedCarDetailLargeImageVC.swift in Sources */,
				0B8887E71F27837E00238C90 /* SISUsedCarVC+SearchController.swift in Sources */,
				0B2CA6301F268166007A92F9 /* SISSearchPageVC.swift in Sources */,
				0B8887E51F2781A800238C90 /* SISUsedCarVC+SearchPage.swift in Sources */,
				0B2CA6261F2538B7007A92F9 /* SISDetailTextView.swift in Sources */,
				0B8887E31F27816700238C90 /* SISUsedCarVC+TableView.swift in Sources */,
				0B2CA62A1F2623C0007A92F9 /* SISCustomLabel.swift in Sources */,
				0B2B4C7C1F1E8E6D00F8648C /* SISUsedCarDataService.swift in Sources */,
				0B2CA6361F26830E007A92F9 /* SISSearchPageButton.swift in Sources */,
			);
			runOnlyForDeploymentPostprocessing = 0;
		};
		0B2B4C561F1E749F00F8648C /* Sources */ = {
			isa = PBXSourcesBuildPhase;
			buildActionMask = 2147483647;
			files = (
				0B2B4C5F1F1E749F00F8648C /* SISUsedCarTests.swift in Sources */,
			);
			runOnlyForDeploymentPostprocessing = 0;
		};
		0B2B4C611F1E749F00F8648C /* Sources */ = {
			isa = PBXSourcesBuildPhase;
			buildActionMask = 2147483647;
			files = (
				0B2B4C6A1F1E749F00F8648C /* SISUsedCarUITests.swift in Sources */,
			);
			runOnlyForDeploymentPostprocessing = 0;
		};
		0B2B4D011F1FD59C00F8648C /* Sources */ = {
			isa = PBXSourcesBuildPhase;
			buildActionMask = 2147483647;
			files = (
				0B2B4D101F1FD5C500F8648C /* SISUsedCarDataService.swift in Sources */,
				0B2CA62B1F262487007A92F9 /* SISCustomLabel.swift in Sources */,
				0B2B4D111F1FD5C800F8648C /* SISUsedCarImageService.swift in Sources */,
				0B2CA5FD1F22404D007A92F9 /* Int+Custom.swift in Sources */,
				0B2B4D0E1F1FD5BC00F8648C /* SISUsedCar.swift in Sources */,
				0B2B4D0F1F1FD5C000F8648C /* SISUsedCarImage.swift in Sources */,
			);
			runOnlyForDeploymentPostprocessing = 0;
		};
/* End PBXSourcesBuildPhase section */

/* Begin PBXTargetDependency section */
		0B2B4C5C1F1E749F00F8648C /* PBXTargetDependency */ = {
			isa = PBXTargetDependency;
			target = 0B2B4C421F1E749E00F8648C /* SISUsedCar */;
			targetProxy = 0B2B4C5B1F1E749F00F8648C /* PBXContainerItemProxy */;
		};
		0B2B4C671F1E749F00F8648C /* PBXTargetDependency */ = {
			isa = PBXTargetDependency;
			target = 0B2B4C421F1E749E00F8648C /* SISUsedCar */;
			targetProxy = 0B2B4C661F1E749F00F8648C /* PBXContainerItemProxy */;
		};
/* End PBXTargetDependency section */

/* Begin PBXVariantGroup section */
		0B2B4C4A1F1E749F00F8648C /* Main.storyboard */ = {
			isa = PBXVariantGroup;
			children = (
				0B2B4C4B1F1E749F00F8648C /* Base */,
			);
			name = Main.storyboard;
			sourceTree = "<group>";
		};
		0B2B4C521F1E749F00F8648C /* LaunchScreen.storyboard */ = {
			isa = PBXVariantGroup;
			children = (
				0B2B4C531F1E749F00F8648C /* Base */,
			);
			name = LaunchScreen.storyboard;
			sourceTree = "<group>";
		};
/* End PBXVariantGroup section */

/* Begin XCBuildConfiguration section */
		0B2B4C6C1F1E749F00F8648C /* Debug */ = {
			isa = XCBuildConfiguration;
			buildSettings = {
				ALWAYS_SEARCH_USER_PATHS = NO;
				CLANG_ANALYZER_NONNULL = YES;
				CLANG_CXX_LANGUAGE_STANDARD = "gnu++0x";
				CLANG_CXX_LIBRARY = "libc++";
				CLANG_ENABLE_MODULES = YES;
				CLANG_ENABLE_OBJC_ARC = YES;
				CLANG_WARN_BOOL_CONVERSION = YES;
				CLANG_WARN_CONSTANT_CONVERSION = YES;
				CLANG_WARN_DIRECT_OBJC_ISA_USAGE = YES_ERROR;
				CLANG_WARN_DOCUMENTATION_COMMENTS = YES;
				CLANG_WARN_EMPTY_BODY = YES;
				CLANG_WARN_ENUM_CONVERSION = YES;
				CLANG_WARN_INFINITE_RECURSION = YES;
				CLANG_WARN_INT_CONVERSION = YES;
				CLANG_WARN_OBJC_ROOT_CLASS = YES_ERROR;
				CLANG_WARN_SUSPICIOUS_MOVE = YES;
				CLANG_WARN_UNREACHABLE_CODE = YES;
				CLANG_WARN__DUPLICATE_METHOD_MATCH = YES;
				"CODE_SIGN_IDENTITY[sdk=iphoneos*]" = "iPhone Developer";
				COPY_PHASE_STRIP = NO;
				DEBUG_INFORMATION_FORMAT = dwarf;
				ENABLE_STRICT_OBJC_MSGSEND = YES;
				ENABLE_TESTABILITY = YES;
				GCC_C_LANGUAGE_STANDARD = gnu99;
				GCC_DYNAMIC_NO_PIC = NO;
				GCC_NO_COMMON_BLOCKS = YES;
				GCC_OPTIMIZATION_LEVEL = 0;
				GCC_PREPROCESSOR_DEFINITIONS = (
					"DEBUG=1",
					"$(inherited)",
				);
				GCC_WARN_64_TO_32_BIT_CONVERSION = YES;
				GCC_WARN_ABOUT_RETURN_TYPE = YES_ERROR;
				GCC_WARN_UNDECLARED_SELECTOR = YES;
				GCC_WARN_UNINITIALIZED_AUTOS = YES_AGGRESSIVE;
				GCC_WARN_UNUSED_FUNCTION = YES;
				GCC_WARN_UNUSED_VARIABLE = YES;
				IPHONEOS_DEPLOYMENT_TARGET = 10.2;
				MTL_ENABLE_DEBUG_INFO = YES;
				ONLY_ACTIVE_ARCH = YES;
				SDKROOT = iphoneos;
				SWIFT_ACTIVE_COMPILATION_CONDITIONS = DEBUG;
				SWIFT_OPTIMIZATION_LEVEL = "-Onone";
			};
			name = Debug;
		};
		0B2B4C6D1F1E749F00F8648C /* Release */ = {
			isa = XCBuildConfiguration;
			buildSettings = {
				ALWAYS_SEARCH_USER_PATHS = NO;
				CLANG_ANALYZER_NONNULL = YES;
				CLANG_CXX_LANGUAGE_STANDARD = "gnu++0x";
				CLANG_CXX_LIBRARY = "libc++";
				CLANG_ENABLE_MODULES = YES;
				CLANG_ENABLE_OBJC_ARC = YES;
				CLANG_WARN_BOOL_CONVERSION = YES;
				CLANG_WARN_CONSTANT_CONVERSION = YES;
				CLANG_WARN_DIRECT_OBJC_ISA_USAGE = YES_ERROR;
				CLANG_WARN_DOCUMENTATION_COMMENTS = YES;
				CLANG_WARN_EMPTY_BODY = YES;
				CLANG_WARN_ENUM_CONVERSION = YES;
				CLANG_WARN_INFINITE_RECURSION = YES;
				CLANG_WARN_INT_CONVERSION = YES;
				CLANG_WARN_OBJC_ROOT_CLASS = YES_ERROR;
				CLANG_WARN_SUSPICIOUS_MOVE = YES;
				CLANG_WARN_UNREACHABLE_CODE = YES;
				CLANG_WARN__DUPLICATE_METHOD_MATCH = YES;
				"CODE_SIGN_IDENTITY[sdk=iphoneos*]" = "iPhone Developer";
				COPY_PHASE_STRIP = NO;
				DEBUG_INFORMATION_FORMAT = "dwarf-with-dsym";
				ENABLE_NS_ASSERTIONS = NO;
				ENABLE_STRICT_OBJC_MSGSEND = YES;
				GCC_C_LANGUAGE_STANDARD = gnu99;
				GCC_NO_COMMON_BLOCKS = YES;
				GCC_WARN_64_TO_32_BIT_CONVERSION = YES;
				GCC_WARN_ABOUT_RETURN_TYPE = YES_ERROR;
				GCC_WARN_UNDECLARED_SELECTOR = YES;
				GCC_WARN_UNINITIALIZED_AUTOS = YES_AGGRESSIVE;
				GCC_WARN_UNUSED_FUNCTION = YES;
				GCC_WARN_UNUSED_VARIABLE = YES;
				IPHONEOS_DEPLOYMENT_TARGET = 10.2;
				MTL_ENABLE_DEBUG_INFO = NO;
				SDKROOT = iphoneos;
				SWIFT_OPTIMIZATION_LEVEL = "-Owholemodule";
				VALIDATE_PRODUCT = YES;
			};
			name = Release;
		};
		0B2B4C6F1F1E749F00F8648C /* Debug */ = {
			isa = XCBuildConfiguration;
			buildSettings = {
				ASSETCATALOG_COMPILER_APPICON_NAME = AppIcon;
				DEVELOPMENT_TEAM = L3WLY38EDC;
				INFOPLIST_FILE = SISUsedCar/Info.plist;
				LD_RUNPATH_SEARCH_PATHS = "$(inherited) @executable_path/Frameworks";
				PRODUCT_BUNDLE_IDENTIFIER = com.SouthernImportSpecialist.SISUsedCar;
				PRODUCT_NAME = "$(TARGET_NAME)";
				SWIFT_VERSION = 3.0;
			};
			name = Debug;
		};
		0B2B4C701F1E749F00F8648C /* Release */ = {
			isa = XCBuildConfiguration;
			buildSettings = {
				ASSETCATALOG_COMPILER_APPICON_NAME = AppIcon;
				DEVELOPMENT_TEAM = L3WLY38EDC;
				INFOPLIST_FILE = SISUsedCar/Info.plist;
				LD_RUNPATH_SEARCH_PATHS = "$(inherited) @executable_path/Frameworks";
				PRODUCT_BUNDLE_IDENTIFIER = com.SouthernImportSpecialist.SISUsedCar;
				PRODUCT_NAME = "$(TARGET_NAME)";
				SWIFT_VERSION = 3.0;
			};
			name = Release;
		};
		0B2B4C721F1E749F00F8648C /* Debug */ = {
			isa = XCBuildConfiguration;
			buildSettings = {
				ALWAYS_EMBED_SWIFT_STANDARD_LIBRARIES = YES;
				BUNDLE_LOADER = "$(TEST_HOST)";
				DEVELOPMENT_TEAM = L3WLY38EDC;
				INFOPLIST_FILE = SISUsedCarTests/Info.plist;
				LD_RUNPATH_SEARCH_PATHS = "$(inherited) @executable_path/Frameworks @loader_path/Frameworks";
				PRODUCT_BUNDLE_IDENTIFIER = com.SouthernImportSpecialist.SISUsedCarTests;
				PRODUCT_NAME = "$(TARGET_NAME)";
				SWIFT_VERSION = 3.0;
				TEST_HOST = "$(BUILT_PRODUCTS_DIR)/SISUsedCar.app/SISUsedCar";
			};
			name = Debug;
		};
		0B2B4C731F1E749F00F8648C /* Release */ = {
			isa = XCBuildConfiguration;
			buildSettings = {
				ALWAYS_EMBED_SWIFT_STANDARD_LIBRARIES = YES;
				BUNDLE_LOADER = "$(TEST_HOST)";
				DEVELOPMENT_TEAM = L3WLY38EDC;
				INFOPLIST_FILE = SISUsedCarTests/Info.plist;
				LD_RUNPATH_SEARCH_PATHS = "$(inherited) @executable_path/Frameworks @loader_path/Frameworks";
				PRODUCT_BUNDLE_IDENTIFIER = com.SouthernImportSpecialist.SISUsedCarTests;
				PRODUCT_NAME = "$(TARGET_NAME)";
				SWIFT_VERSION = 3.0;
				TEST_HOST = "$(BUILT_PRODUCTS_DIR)/SISUsedCar.app/SISUsedCar";
			};
			name = Release;
		};
		0B2B4C751F1E749F00F8648C /* Debug */ = {
			isa = XCBuildConfiguration;
			buildSettings = {
				ALWAYS_EMBED_SWIFT_STANDARD_LIBRARIES = YES;
				DEVELOPMENT_TEAM = L3WLY38EDC;
				INFOPLIST_FILE = SISUsedCarUITests/Info.plist;
				LD_RUNPATH_SEARCH_PATHS = "$(inherited) @executable_path/Frameworks @loader_path/Frameworks";
				PRODUCT_BUNDLE_IDENTIFIER = com.SouthernImportSpecialist.SISUsedCarUITests;
				PRODUCT_NAME = "$(TARGET_NAME)";
				SWIFT_VERSION = 3.0;
				TEST_TARGET_NAME = SISUsedCar;
			};
			name = Debug;
		};
		0B2B4C761F1E749F00F8648C /* Release */ = {
			isa = XCBuildConfiguration;
			buildSettings = {
				ALWAYS_EMBED_SWIFT_STANDARD_LIBRARIES = YES;
				DEVELOPMENT_TEAM = L3WLY38EDC;
				INFOPLIST_FILE = SISUsedCarUITests/Info.plist;
				LD_RUNPATH_SEARCH_PATHS = "$(inherited) @executable_path/Frameworks @loader_path/Frameworks";
				PRODUCT_BUNDLE_IDENTIFIER = com.SouthernImportSpecialist.SISUsedCarUITests;
				PRODUCT_NAME = "$(TARGET_NAME)";
				SWIFT_VERSION = 3.0;
				TEST_TARGET_NAME = SISUsedCar;
			};
			name = Release;
		};
		0B2B4D0B1F1FD59C00F8648C /* Debug */ = {
			isa = XCBuildConfiguration;
			buildSettings = {
				CODE_SIGN_IDENTITY = "";
				CURRENT_PROJECT_VERSION = 1;
				DEFINES_MODULE = YES;
				DEVELOPMENT_TEAM = L3WLY38EDC;
				DYLIB_COMPATIBILITY_VERSION = 1;
				DYLIB_CURRENT_VERSION = 1;
				DYLIB_INSTALL_NAME_BASE = "@rpath";
				INFOPLIST_FILE = IntegratedPlaygroundFiles/Info.plist;
				INSTALL_PATH = "$(LOCAL_LIBRARY_DIR)/Frameworks";
				LD_RUNPATH_SEARCH_PATHS = "$(inherited) @executable_path/Frameworks @loader_path/Frameworks";
				PRODUCT_BUNDLE_IDENTIFIER = com.SouthernImportSpecialist.IntegratedPlaygroundFiles;
				PRODUCT_NAME = "$(TARGET_NAME)";
				SKIP_INSTALL = YES;
				SWIFT_VERSION = 3.0;
				TARGETED_DEVICE_FAMILY = "1,2";
				VERSIONING_SYSTEM = "apple-generic";
				VERSION_INFO_PREFIX = "";
			};
			name = Debug;
		};
		0B2B4D0C1F1FD59C00F8648C /* Release */ = {
			isa = XCBuildConfiguration;
			buildSettings = {
				CODE_SIGN_IDENTITY = "";
				CURRENT_PROJECT_VERSION = 1;
				DEFINES_MODULE = YES;
				DEVELOPMENT_TEAM = L3WLY38EDC;
				DYLIB_COMPATIBILITY_VERSION = 1;
				DYLIB_CURRENT_VERSION = 1;
				DYLIB_INSTALL_NAME_BASE = "@rpath";
				INFOPLIST_FILE = IntegratedPlaygroundFiles/Info.plist;
				INSTALL_PATH = "$(LOCAL_LIBRARY_DIR)/Frameworks";
				LD_RUNPATH_SEARCH_PATHS = "$(inherited) @executable_path/Frameworks @loader_path/Frameworks";
				PRODUCT_BUNDLE_IDENTIFIER = com.SouthernImportSpecialist.IntegratedPlaygroundFiles;
				PRODUCT_NAME = "$(TARGET_NAME)";
				SKIP_INSTALL = YES;
				SWIFT_VERSION = 3.0;
				TARGETED_DEVICE_FAMILY = "1,2";
				VERSIONING_SYSTEM = "apple-generic";
				VERSION_INFO_PREFIX = "";
			};
			name = Release;
		};
/* End XCBuildConfiguration section */

/* Begin XCConfigurationList section */
		0B2B4C3E1F1E749E00F8648C /* Build configuration list for PBXProject "SISUsedCar" */ = {
			isa = XCConfigurationList;
			buildConfigurations = (
				0B2B4C6C1F1E749F00F8648C /* Debug */,
				0B2B4C6D1F1E749F00F8648C /* Release */,
			);
			defaultConfigurationIsVisible = 0;
			defaultConfigurationName = Release;
		};
		0B2B4C6E1F1E749F00F8648C /* Build configuration list for PBXNativeTarget "SISUsedCar" */ = {
			isa = XCConfigurationList;
			buildConfigurations = (
				0B2B4C6F1F1E749F00F8648C /* Debug */,
				0B2B4C701F1E749F00F8648C /* Release */,
			);
			defaultConfigurationIsVisible = 0;
			defaultConfigurationName = Release;
		};
		0B2B4C711F1E749F00F8648C /* Build configuration list for PBXNativeTarget "SISUsedCarTests" */ = {
			isa = XCConfigurationList;
			buildConfigurations = (
				0B2B4C721F1E749F00F8648C /* Debug */,
				0B2B4C731F1E749F00F8648C /* Release */,
			);
			defaultConfigurationIsVisible = 0;
			defaultConfigurationName = Release;
		};
		0B2B4C741F1E749F00F8648C /* Build configuration list for PBXNativeTarget "SISUsedCarUITests" */ = {
			isa = XCConfigurationList;
			buildConfigurations = (
				0B2B4C751F1E749F00F8648C /* Debug */,
				0B2B4C761F1E749F00F8648C /* Release */,
			);
			defaultConfigurationIsVisible = 0;
			defaultConfigurationName = Release;
		};
		0B2B4D0D1F1FD59C00F8648C /* Build configuration list for PBXNativeTarget "IntegratedPlaygroundFiles" */ = {
			isa = XCConfigurationList;
			buildConfigurations = (
				0B2B4D0B1F1FD59C00F8648C /* Debug */,
				0B2B4D0C1F1FD59C00F8648C /* Release */,
			);
			defaultConfigurationIsVisible = 0;
			defaultConfigurationName = Release;
		};
/* End XCConfigurationList section */

/* Begin XCVersionGroup section */
		0B2B4C4D1F1E749F00F8648C /* SISUsedCar.xcdatamodeld */ = {
			isa = XCVersionGroup;
			children = (
				0B2B4C4E1F1E749F00F8648C /* SISUsedCar.xcdatamodel */,
			);
			currentVersion = 0B2B4C4E1F1E749F00F8648C /* SISUsedCar.xcdatamodel */;
			path = SISUsedCar.xcdatamodeld;
			sourceTree = "<group>";
			versionGroupType = wrapper.xcdatamodel;
		};
/* End XCVersionGroup section */
	};
	rootObject = 0B2B4C3B1F1E749E00F8648C /* Project object */;
}
